PODS:
  - KIF (3.5.1):
    - KIF/Core (= 3.5.1)
  - KIF/Core (3.5.1)
  - Nimble (5.0.0)
  - OHHTTPStubs (5.2.1):
    - OHHTTPStubs/Default (= 5.2.1)
  - OHHTTPStubs/Core (5.2.1)
  - OHHTTPStubs/Default (5.2.1):
    - OHHTTPStubs/Core
    - OHHTTPStubs/JSON
    - OHHTTPStubs/NSURLSession
    - OHHTTPStubs/OHPathHelpers
  - OHHTTPStubs/JSON (5.2.1):
    - OHHTTPStubs/Core
  - OHHTTPStubs/NSURLSession (5.2.1):
    - OHHTTPStubs/Core
  - OHHTTPStubs/OHPathHelpers (5.2.1)
  - Quick (0.10.0)

DEPENDENCIES:
  - KIF (~> 3.0)
  - Nimble
  - OHHTTPStubs
  - Quick

SPEC CHECKSUMS:
  KIF: 082eb65279e51c3092923802849eb796a04982ab
  Nimble: 56fc9f5020effa2206de22c3dd910f4fb011b92f
  OHHTTPStubs: 3a42f25c00563b71355ac73112ba2324e9e6cef4
  Quick: 5d290df1c69d5ee2f0729956dcf0fd9a30447eaa

PODFILE CHECKSUM: a6d5f5abfb5f09ee9584bd1a102e47868dc2bfe2

COCOAPODS: 1.0.0
